
Microsoft Visual Studio Solution File, Format Version 12.00
# Visual Studio Version 17
VisualStudioVersion = 17.12.35527.113
MinimumVisualStudioVersion = 10.0.40219.1
Project("{FAE04EC0-301F-11D3-BF4B-00C04F79EFBC}") = "zad 1", "zad 1\zad 1.csproj", "{B72B72C1-4069-4AF8-B972-F5E24ABE9D4E}"
EndProject
Project("{FAE04EC0-301F-11D3-BF4B-00C04F79EFBC}") = "zad 4", "zad 4\zad 4.csproj", "{446542B4-8DA3-4133-815F-49A77E5F7653}"
EndProject
Project("{FAE04EC0-301F-11D3-BF4B-00C04F79EFBC}") = "zad 5", "zad 5\zad 5.csproj", "{F3DC2430-5E13-420B-A6A4-006BEDBD25A9}"
EndProject
Global
	GlobalSection(SolutionConfigurationPlatforms) = preSolution
		Debug|Any CPU = Debug|Any CPU
		Release|Any CPU = Release|Any CPU
	EndGlobalSection
	GlobalSection(ProjectConfigurationPlatforms) = postSolution
		{B72B72C1-4069-4AF8-B972-F5E24ABE9D4E}.Debug|Any CPU.ActiveCfg = Debug|Any CPU
		{B72B72C1-4069-4AF8-B972-F5E24ABE9D4E}.Debug|Any CPU.Build.0 = Debug|Any CPU
		{B72B72C1-4069-4AF8-B972-F5E24ABE9D4E}.Release|Any CPU.ActiveCfg = Release|Any CPU
		{B72B72C1-4069-4AF8-B972-F5E24ABE9D4E}.Release|Any CPU.Build.0 = Release|Any CPU
		{446542B4-8DA3-4133-815F-49A77E5F7653}.Debug|Any CPU.ActiveCfg = Debug|Any CPU
		{446542B4-8DA3-4133-815F-49A77E5F7653}.Debug|Any CPU.Build.0 = Debug|Any CPU
		{446542B4-8DA3-4133-815F-49A77E5F7653}.Release|Any CPU.ActiveCfg = Release|Any CPU
		{446542B4-8DA3-4133-815F-49A77E5F7653}.Release|Any CPU.Build.0 = Release|Any CPU
		{F3DC2430-5E13-420B-A6A4-006BEDBD25A9}.Debug|Any CPU.ActiveCfg = Debug|Any CPU
		{F3DC2430-5E13-420B-A6A4-006BEDBD25A9}.Debug|Any CPU.Build.0 = Debug|Any CPU
		{F3DC2430-5E13-420B-A6A4-006BEDBD25A9}.Release|Any CPU.ActiveCfg = Release|Any CPU
		{F3DC2430-5E13-420B-A6A4-006BEDBD25A9}.Release|Any CPU.Build.0 = Release|Any CPU
	EndGlobalSection
	GlobalSection(SolutionProperties) = preSolution
		HideSolutionNode = FALSE
	EndGlobalSection
EndGlobal
